
Microsoft Visual Studio Solution File, Format Version 12.00
# Visual Studio Version 17
VisualStudioVersion = 17.11.35303.130
MinimumVisualStudioVersion = 10.0.40219.1
Project("{FAE04EC0-301F-11D3-BF4B-00C04F79EFBC}") = "ExperimentWithControls", "ExperimentWithControls\ExperimentWithControls.csproj", "{59E899FF-C3F8-4EDF-92F1-CA73E1949BCE}"
EndProject
Global
	GlobalSection(SolutionConfigurationPlatforms) = preSolution
		Debug|Any CPU = Debug|Any CPU
		Release|Any CPU = Release|Any CPU
	EndGlobalSection
	GlobalSection(ProjectConfigurationPlatforms) = postSolution
		{59E899FF-C3F8-4EDF-92F1-CA73E1949BCE}.Debug|Any CPU.ActiveCfg = Debug|Any CPU
		{59E899FF-C3F8-4EDF-92F1-CA73E1949BCE}.Debug|Any CPU.Build.0 = Debug|Any CPU
		{59E899FF-C3F8-4EDF-92F1-CA73E1949BCE}.Release|Any CPU.ActiveCfg = Release|Any CPU
		{59E899FF-C3F8-4EDF-92F1-CA73E1949BCE}.Release|Any CPU.Build.0 = Release|Any CPU
	EndGlobalSection
	GlobalSection(SolutionProperties) = preSolution
		HideSolutionNode = FALSE
	EndGlobalSection
	GlobalSection(ExtensibilityGlobals) = postSolution
		SolutionGuid = {ECA1EC46-CD96-4E1A-986D-4328887B2373}
	EndGlobalSection
EndGlobal
